
Microsoft Visual Studio Solution File, Format Version 12.00
# Visual Studio Version 16
VisualStudioVersion = 16.0.30523.141
MinimumVisualStudioVersion = 10.0.40219.1
Project("{FAE04EC0-301F-11D3-BF4B-00C04F79EFBC}") = "ColorPicker", "ColorPicker.csproj", "{6D30B2D8-C14B-4015-9CA1-A14AFEB23A3D}"
EndProject
Global
	GlobalSection(SolutionConfigurationPlatforms) = preSolution
		Debug|Any CPU = Debug|Any CPU
		Release|Any CPU = Release|Any CPU
	EndGlobalSection
	GlobalSection(ProjectConfigurationPlatforms) = postSolution
		{6D30B2D8-C14B-4015-9CA1-A14AFEB23A3D}.Debug|Any CPU.ActiveCfg = Debug|Any CPU
		{6D30B2D8-C14B-4015-9CA1-A14AFEB23A3D}.Debug|Any CPU.Build.0 = Debug|Any CPU
		{6D30B2D8-C14B-4015-9CA1-A14AFEB23A3D}.Release|Any CPU.ActiveCfg = Release|Any CPU
		{6D30B2D8-C14B-4015-9CA1-A14AFEB23A3D}.Release|Any CPU.Build.0 = Release|Any CPU
	EndGlobalSection
	GlobalSection(SolutionProperties) = preSolution
		HideSolutionNode = FALSE
	EndGlobalSection
	GlobalSection(ExtensibilityGlobals) = postSolution
		SolutionGuid = {52013148-D8A2-4500-97EF-A3EB35204BD5}
	EndGlobalSection
EndGlobal
